Microsoft Visual Studio Solution File, Format Version 12.00
# Visual Studio Version 17
VisualStudioVersion = 17.5.2.0
MinimumVisualStudioVersion = 10.0.40219.1
Project("{FAE04EC0-301F-11D3-BF4B-00C04F79EFBC}") = "ChoreTrackerAPI", "ChoreTrackerAPI\ChoreTrackerAPI.csproj", "{7A1A1C19-9417-387F-6A15-6FC26041067F}"
EndProject
Global
	GlobalSection(SolutionConfigurationPlatforms) = preSolution
		Debug|Any CPU = Debug|Any CPU
		Release|Any CPU = Release|Any CPU
	EndGlobalSection
	GlobalSection(ProjectConfigurationPlatforms) = postSolution
		{7A1A1C19-9417-387F-6A15-6FC26041067F}.Debug|Any CPU.ActiveCfg = Debug|Any CPU
		{7A1A1C19-9417-387F-6A15-6FC26041067F}.Debug|Any CPU.Build.0 = Debug|Any CPU
		{7A1A1C19-9417-387F-6A15-6FC26041067F}.Release|Any CPU.ActiveCfg = Release|Any CPU
		{7A1A1C19-9417-387F-6A15-6FC26041067F}.Release|Any CPU.Build.0 = Release|Any CPU
	EndGlobalSection
	GlobalSection(SolutionProperties) = preSolution
		HideSolutionNode = FALSE
	EndGlobalSection
	GlobalSection(ExtensibilityGlobals) = postSolution
		SolutionGuid = {A5BC274E-F866-4466-ACEF-57A6F528FFC3}
	EndGlobalSection
EndGlobal
